
Microsoft Visual Studio Solution File, Format Version 12.00
# Visual Studio Version 17
VisualStudioVersion = 17.9.34622.214
MinimumVisualStudioVersion = 10.0.40219.1
Project("{FAE04EC0-301F-11D3-BF4B-00C04F79EFBC}") = "ScaffoldNotesAppDbFirst", "ScaffoldNotesAppDbFirst\ScaffoldNotesAppDbFirst.csproj", "{2981FE2D-040D-4A2F-8584-9694F9594EF7}"
EndProject
Project("{FAE04EC0-301F-11D3-BF4B-00C04F79EFBC}") = "DataAccess", "DataAccess\DataAccess.csproj", "{463594CB-53D2-4D81-A1A3-3F290FA931E6}"
EndProject
Project("{FAE04EC0-301F-11D3-BF4B-00C04F79EFBC}") = "Services", "Services\Services.csproj", "{A248D540-7701-485B-936C-991E55C9B2F2}"
EndProject
Global
	GlobalSection(SolutionConfigurationPlatforms) = preSolution
		Debug|Any CPU = Debug|Any CPU
		Release|Any CPU = Release|Any CPU
	EndGlobalSection
	GlobalSection(ProjectConfigurationPlatforms) = postSolution
		{2981FE2D-040D-4A2F-8584-9694F9594EF7}.Debug|Any CPU.ActiveCfg = Debug|Any CPU
		{2981FE2D-040D-4A2F-8584-9694F9594EF7}.Debug|Any CPU.Build.0 = Debug|Any CPU
		{2981FE2D-040D-4A2F-8584-9694F9594EF7}.Release|Any CPU.ActiveCfg = Release|Any CPU
		{2981FE2D-040D-4A2F-8584-9694F9594EF7}.Release|Any CPU.Build.0 = Release|Any CPU
		{463594CB-53D2-4D81-A1A3-3F290FA931E6}.Debug|Any CPU.ActiveCfg = Debug|Any CPU
		{463594CB-53D2-4D81-A1A3-3F290FA931E6}.Debug|Any CPU.Build.0 = Debug|Any CPU
		{463594CB-53D2-4D81-A1A3-3F290FA931E6}.Release|Any CPU.ActiveCfg = Release|Any CPU
		{463594CB-53D2-4D81-A1A3-3F290FA931E6}.Release|Any CPU.Build.0 = Release|Any CPU
		{A248D540-7701-485B-936C-991E55C9B2F2}.Debug|Any CPU.ActiveCfg = Debug|Any CPU
		{A248D540-7701-485B-936C-991E55C9B2F2}.Debug|Any CPU.Build.0 = Debug|Any CPU
		{A248D540-7701-485B-936C-991E55C9B2F2}.Release|Any CPU.ActiveCfg = Release|Any CPU
		{A248D540-7701-485B-936C-991E55C9B2F2}.Release|Any CPU.Build.0 = Release|Any CPU
	EndGlobalSection
	GlobalSection(SolutionProperties) = preSolution
		HideSolutionNode = FALSE
	EndGlobalSection
	GlobalSection(ExtensibilityGlobals) = postSolution
		SolutionGuid = {A89D2D5E-D766-41FD-AA8F-71D956D41B52}
	EndGlobalSection
EndGlobal
